<?xml version="1.0" encoding="utf-8"?>
<Project ToolsVersion="4.0" xmlns="http://schemas.microsoft.com/developer/msbuild/2003">
  <ItemGroup>
    <Filter Include="Source Files">
      <UniqueIdentifier>{4FC737F1-C7A5-4376-A066-2A32D752A2FF}</UniqueIdentifier>
      <Extensions>cpp;c;cc;cxx;def;odl;idl;hpj;bat;asm;asmx</Extensions>
    </Filter>
    <Filter Include="Header Files">
      <UniqueIdentifier>{93995380-89BD-4b04-88EB-625FBE52EBFB}</UniqueIdentifier>
      <Extensions>h;hh;hpp;hxx;hm;inl;inc;xsd</Extensions>
    </Filter>
    <Filter Include="Resource Files">
      <UniqueIdentifier>{67DA6AB6-F800-4c08-8B7A-83BB121AAD01}</UniqueIdentifier>
      <Extensions>rc;ico;cur;bmp;dlg;rc2;rct;bin;rgs;gif;jpg;jpeg;jpe;resx;tiff;tif;png;wav;mfcribbon-ms</Extensions>
    </Filter>
    <Filter Include="Source Files\Model">
      <UniqueIdentifier>{01564779-e7ba-4614-9a9c-16d4275e11e5}</UniqueIdentifier>
    </Filter>
  </ItemGroup>
  <ItemGroup>
    <ClCompile Include="gl_05.cpp">
      <Filter>Source Files</Filter>
    </ClCompile>
    <ClCompile Include="shprogram.cpp">
      <Filter>Source Files</Filter>
    </ClCompile>
    <ClCompile Include="Mesh.cpp">
      <Filter>Source Files\Model</Filter>
    </ClCompile>
    <ClCompile Include="CubeBuilder.cpp">
      <Filter>Source Files\Model</Filter>
    </ClCompile>
    <ClCompile Include="Cylinder.cpp">
      <Filter>Source Files\Model</Filter>
    </ClCompile>
    <ClCompile Include="HalfCylinder.cpp">
      <Filter>Source Files\Model</Filter>
    </ClCompile>
    <ClCompile Include="ConeBuilder.cpp">
      <Filter>Source Files</Filter>
    </ClCompile>
    <ClCompile Include="PlaneBuilder.cpp">
      <Filter>Source Files</Filter>
    </ClCompile>
  </ItemGroup>
  <ItemGroup>
    <None Include="gl_05.frag" />
    <None Include="gl_05.vert" />
    <None Include="gl_06.vert" />
    <None Include="gl_06.frag" />
    <None Include="Dokument.rtf" />
    <None Include="lamp.frag" />
    <None Include="lamp.vert" />
    <None Include="mousky.rwx" />
  </ItemGroup>
  <ItemGroup>
    <Image Include="iipw.png">
      <Filter>Resource Files</Filter>
    </Image>
    <Image Include="weiti.png">
      <Filter>Resource Files</Filter>
    </Image>
    <Image Include="metalTexture.jpg">
      <Filter>Resource Files</Filter>
    </Image>
    <Image Include="dullMetal.jpg">
      <Filter>Resource Files</Filter>
    </Image>
    <Image Include="kamien.png">
      <Filter>Resource Files</Filter>
    </Image>
    <Image Include="factory-pipes-skybox.png">
      <Filter>Resource Files</Filter>
    </Image>
    <Image Include="frontmou.jpg">
      <Filter>Resource Files</Filter>
    </Image>
    <Image Include="backmou.jpg">
      <Filter>Resource Files</Filter>
    </Image>
    <Image Include="botmou.jpg">
      <Filter>Resource Files</Filter>
    </Image>
    <Image Include="leftmou.jpg">
      <Filter>Resource Files</Filter>
    </Image>
    <Image Include="mainCylinder.jpg">
      <Filter>Resource Files</Filter>
    </Image>
    <Image Include="mainContainer.jpg">
      <Filter>Resource Files</Filter>
    </Image>
    <Image Include="piec3.jpg">
      <Filter>Resource Files</Filter>
    </Image>
    <Image Include="podloga.jpg">
      <Filter>Resource Files</Filter>
    </Image>
    <Image Include="rightmou.jpg">
      <Filter>Resource Files</Filter>
    </Image>
    <Image Include="rock.jpg">
      <Filter>Resource Files</Filter>
    </Image>
    <Image Include="topmou.jpg">
      <Filter>Resource Files</Filter>
    </Image>
  </ItemGroup>
  <ItemGroup>
    <ClInclude Include="shprogram.h">
      <Filter>Header Files</Filter>
    </ClInclude>
    <ClInclude Include="Mesh.h">
      <Filter>Header Files</Filter>
    </ClInclude>
    <ClInclude Include="CubeBuilder.h">
      <Filter>Header Files</Filter>
    </ClInclude>
    <ClInclude Include="Cylinder.h">
      <Filter>Header Files</Filter>
    </ClInclude>
    <ClInclude Include="HalfCylinder.h">
      <Filter>Header Files</Filter>
    </ClInclude>
    <ClInclude Include="ConeBuilder.h">
      <Filter>Header Files</Filter>
    </ClInclude>
    <ClInclude Include="PlaneBuilder.h">
      <Filter>Header Files</Filter>
    </ClInclude>
  </ItemGroup>
</Project>